
Microsoft Visual Studio Solution File, Format Version 12.00
# Visual Studio 15
VisualStudioVersion = 15.0.27130.2010
MinimumVisualStudioVersion = 10.0.40219.1
Project("{FAE04EC0-301F-11D3-BF4B-00C04F79EFBC}") = "Common.Functions.DownloadFile", "Common.Functions.DownloadFile\Common.Functions.DownloadFile.csproj", "{F4CE5C10-D1CC-4C28-BDF3-DCD07288CD59}"
EndProject
Global
	GlobalSection(SolutionConfigurationPlatforms) = preSolution
		Debug|Any CPU = Debug|Any CPU
		Release|Any CPU = Release|Any CPU
	EndGlobalSection
	GlobalSection(ProjectConfigurationPlatforms) = postSolution
		{F4CE5C10-D1CC-4C28-BDF3-DCD07288CD59}.Debug|Any CPU.ActiveCfg = Debug|Any CPU
		{F4CE5C10-D1CC-4C28-BDF3-DCD07288CD59}.Debug|Any CPU.Build.0 = Debug|Any CPU
		{F4CE5C10-D1CC-4C28-BDF3-DCD07288CD59}.Release|Any CPU.ActiveCfg = Release|Any CPU
		{F4CE5C10-D1CC-4C28-BDF3-DCD07288CD59}.Release|Any CPU.Build.0 = Release|Any CPU
	EndGlobalSection
	GlobalSection(SolutionProperties) = preSolution
		HideSolutionNode = FALSE
	EndGlobalSection
	GlobalSection(ExtensibilityGlobals) = postSolution
		SolutionGuid = {75C1DA5E-FD66-451D-926E-458E4B8956F0}
	EndGlobalSection
EndGlobal
